
Microsoft Visual Studio Solution File, Format Version 12.00
# Visual Studio Version 16
VisualStudioVersion = 16.0.29806.167
MinimumVisualStudioVersion = 10.0.40219.1
Project("{FAE04EC0-301F-11D3-BF4B-00C04F79EFBC}") = "WFApplication", "WFApplication\WFApplication.csproj", "{9B5F2F22-D98E-4021-91D7-879BF88C69AA}"
EndProject
Project("{FAE04EC0-301F-11D3-BF4B-00C04F79EFBC}") = "CodedUITest", "CodedUITest\CodedUITest.csproj", "{093D28CC-9B86-4928-9840-1EBD459114B3}"
EndProject
Global
	GlobalSection(SolutionConfigurationPlatforms) = preSolution
		Debug|Any CPU = Debug|Any CPU
		Release|Any CPU = Release|Any CPU
	EndGlobalSection
	GlobalSection(ProjectConfigurationPlatforms) = postSolution
		{9B5F2F22-D98E-4021-91D7-879BF88C69AA}.Debug|Any CPU.ActiveCfg = Debug|Any CPU
		{9B5F2F22-D98E-4021-91D7-879BF88C69AA}.Debug|Any CPU.Build.0 = Debug|Any CPU
		{9B5F2F22-D98E-4021-91D7-879BF88C69AA}.Release|Any CPU.ActiveCfg = Release|Any CPU
		{9B5F2F22-D98E-4021-91D7-879BF88C69AA}.Release|Any CPU.Build.0 = Release|Any CPU
		{093D28CC-9B86-4928-9840-1EBD459114B3}.Debug|Any CPU.ActiveCfg = Debug|Any CPU
		{093D28CC-9B86-4928-9840-1EBD459114B3}.Debug|Any CPU.Build.0 = Debug|Any CPU
		{093D28CC-9B86-4928-9840-1EBD459114B3}.Release|Any CPU.ActiveCfg = Release|Any CPU
		{093D28CC-9B86-4928-9840-1EBD459114B3}.Release|Any CPU.Build.0 = Release|Any CPU
	EndGlobalSection
	GlobalSection(SolutionProperties) = preSolution
		HideSolutionNode = FALSE
	EndGlobalSection
	GlobalSection(ExtensibilityGlobals) = postSolution
		SolutionGuid = {B3EB29B1-0A5E-48B7-A455-C337D450D71E}
	EndGlobalSection
EndGlobal
