
Microsoft Visual Studio Solution File, Format Version 11.00
# Visual Studio 2010
Project("{FAE04EC0-301F-11D3-BF4B-00C04F79EFBC}") = "temp", "temp\temp.csproj", "{F870B092-5B2A-4219-B05B-5768EA797058}"
EndProject
Global
	GlobalSection(SolutionConfigurationPlatforms) = preSolution
		Debug|x86 = Debug|x86
		Release|x86 = Release|x86
	EndGlobalSection
	GlobalSection(ProjectConfigurationPlatforms) = postSolution
		{F870B092-5B2A-4219-B05B-5768EA797058}.Debug|x86.ActiveCfg = Debug|x86
		{F870B092-5B2A-4219-B05B-5768EA797058}.Debug|x86.Build.0 = Debug|x86
		{F870B092-5B2A-4219-B05B-5768EA797058}.Release|x86.ActiveCfg = Release|x86
		{F870B092-5B2A-4219-B05B-5768EA797058}.Release|x86.Build.0 = Release|x86
	EndGlobalSection
	GlobalSection(SolutionProperties) = preSolution
		HideSolutionNode = FALSE
	EndGlobalSection
EndGlobal
